
Microsoft Visual Studio Solution File, Format Version 12.00
# Visual Studio Version 17
VisualStudioVersion = 17.14.36414.22
MinimumVisualStudioVersion = 10.0.40219.1
Project("{FAE04EC0-301F-11D3-BF4B-00C04F79EFBC}") = "Beadando-VM-KH", "Beadando-VM-KH.csproj", "{05593DB2-A091-475E-AD88-F95C0C718D87}"
EndProject
Project("{FAE04EC0-301F-11D3-BF4B-00C04F79EFBC}") = "SimpleLocalDB", "..\SimpleLocalDB\SimpleLocalDB.csproj", "{D3DAD990-68BD-4E12-99B4-84CBB29607B0}"
EndProject
Global
	GlobalSection(SolutionConfigurationPlatforms) = preSolution
		Debug|Any CPU = Debug|Any CPU
		Release|Any CPU = Release|Any CPU
	EndGlobalSection
	GlobalSection(ProjectConfigurationPlatforms) = postSolution
		{05593DB2-A091-475E-AD88-F95C0C718D87}.Debug|Any CPU.ActiveCfg = Debug|Any CPU
		{05593DB2-A091-475E-AD88-F95C0C718D87}.Debug|Any CPU.Build.0 = Debug|Any CPU
		{05593DB2-A091-475E-AD88-F95C0C718D87}.Release|Any CPU.ActiveCfg = Release|Any CPU
		{05593DB2-A091-475E-AD88-F95C0C718D87}.Release|Any CPU.Build.0 = Release|Any CPU
		{D3DAD990-68BD-4E12-99B4-84CBB29607B0}.Debug|Any CPU.ActiveCfg = Debug|Any CPU
		{D3DAD990-68BD-4E12-99B4-84CBB29607B0}.Debug|Any CPU.Build.0 = Debug|Any CPU
		{D3DAD990-68BD-4E12-99B4-84CBB29607B0}.Release|Any CPU.ActiveCfg = Release|Any CPU
		{D3DAD990-68BD-4E12-99B4-84CBB29607B0}.Release|Any CPU.Build.0 = Release|Any CPU
	EndGlobalSection
	GlobalSection(SolutionProperties) = preSolution
		HideSolutionNode = FALSE
	EndGlobalSection
	GlobalSection(ExtensibilityGlobals) = postSolution
		SolutionGuid = {D44E888E-57EA-4781-BCD7-78E6B9E92D22}
	EndGlobalSection
EndGlobal
